Microsoft Visual Studio Solution File, Format Version 12.00
# Visual Studio Version 17
VisualStudioVersion = 17.5.2.0
MinimumVisualStudioVersion = 10.0.40219.1
Project("{FAE04EC0-301F-11D3-BF4B-00C04F79EFBC}") = "tarea 14", "tarea 14.csproj", "{17D80350-3ED0-5672-FBE8-18C84D5F11FE}"
EndProject
Global
	GlobalSection(SolutionConfigurationPlatforms) = preSolution
		Debug|Any CPU = Debug|Any CPU
		Release|Any CPU = Release|Any CPU
	EndGlobalSection
	GlobalSection(ProjectConfigurationPlatforms) = postSolution
		{17D80350-3ED0-5672-FBE8-18C84D5F11FE}.Debug|Any CPU.ActiveCfg = Debug|Any CPU
		{17D80350-3ED0-5672-FBE8-18C84D5F11FE}.Debug|Any CPU.Build.0 = Debug|Any CPU
		{17D80350-3ED0-5672-FBE8-18C84D5F11FE}.Release|Any CPU.ActiveCfg = Release|Any CPU
		{17D80350-3ED0-5672-FBE8-18C84D5F11FE}.Release|Any CPU.Build.0 = Release|Any CPU
	EndGlobalSection
	GlobalSection(SolutionProperties) = preSolution
		HideSolutionNode = FALSE
	EndGlobalSection
	GlobalSection(ExtensibilityGlobals) = postSolution
		SolutionGuid = {EF9793F5-D01E-4D50-8BE2-EA785F1697D6}
	EndGlobalSection
EndGlobal
